
Microsoft Visual Studio Solution File, Format Version 12.00
# Visual Studio Version 17
VisualStudioVersion = 17.0.31903.59
MinimumVisualStudioVersion = 10.0.40219.1
Project("{2150E333-8FDC-42A3-9474-1A3956D46DE8}") = "src", "src", "{E92995DE-466B-47F3-A095-C2C07100D401}"
EndProject
Project("{2150E333-8FDC-42A3-9474-1A3956D46DE8}") = "ApiGateways", "ApiGateways", "{38A5D16C-A115-4B9F-BC1A-BF435ABA97E0}"
EndProject
Project("{FAE04EC0-301F-11D3-BF4B-00C04F79EFBC}") = "Web.API.Gateway", "src\ApiGateways\Web.API.Gateway\Web.API.Gateway.csproj", "{B8FA9BD0-2176-4070-921F-686969815498}"
EndProject
Project("{2150E333-8FDC-42A3-9474-1A3956D46DE8}") = "BuildingBlocks", "BuildingBlocks", "{4AEEB1EF-2983-4E2A-80D6-6F55DF7B8B54}"
EndProject
Project("{2150E333-8FDC-42A3-9474-1A3956D46DE8}") = "EventBus", "EventBus", "{2884F2A1-6974-4B06-8496-1F6CC9228985}"
EndProject
Project("{FAE04EC0-301F-11D3-BF4B-00C04F79EFBC}") = "EventBus.Base", "src\BuildingBlocks\EventBus\EventBus.Base\EventBus.Base.csproj", "{5A917EA6-8FB0-4E7E-BEE5-D3685E6EB93F}"
EndProject
Project("{FAE04EC0-301F-11D3-BF4B-00C04F79EFBC}") = "EventBus.Factory", "src\BuildingBlocks\EventBus\EventBus.Factory\EventBus.Factory.csproj", "{A693B838-55C1-4ECB-953F-F8531072445F}"
EndProject
Project("{FAE04EC0-301F-11D3-BF4B-00C04F79EFBC}") = "EventBus.AzureServiceBus", "src\BuildingBlocks\EventBus\EventBus.AzureServiceBus\EventBus.AzureServiceBus.csproj", "{D78B9348-F94E-41CE-B6BA-70A165F86DAA}"
EndProject
Project("{FAE04EC0-301F-11D3-BF4B-00C04F79EFBC}") = "EventBus.RabbitMQ", "src\BuildingBlocks\EventBus\EventBus.RabbitMQ\EventBus.RabbitMQ.csproj", "{DD9F0E34-94C7-4FB6-9AB1-6042E60D0D9D}"
EndProject
Project("{2150E333-8FDC-42A3-9474-1A3956D46DE8}") = "Services", "Services", "{1F8D4333-6354-412F-862D-AC4D7686F906}"
EndProject
Project("{2150E333-8FDC-42A3-9474-1A3956D46DE8}") = "BasketService", "BasketService", "{A321D7DF-D63F-47B8-8538-6EC481B7D4A3}"
EndProject
Project("{FAE04EC0-301F-11D3-BF4B-00C04F79EFBC}") = "BasketService.API", "src\Services\BasketService\BasketService.API\BasketService.API.csproj", "{F318567B-F58B-4697-9D40-9AC0C2A9CA47}"
EndProject
Project("{2150E333-8FDC-42A3-9474-1A3956D46DE8}") = "CatalogService", "CatalogService", "{8719879C-DABF-406B-9AB3-22855B952559}"
EndProject
Project("{FAE04EC0-301F-11D3-BF4B-00C04F79EFBC}") = "CatalogService.API", "src\Services\CatalogService\CatalogService.API\CatalogService.API.csproj", "{36344B5A-6E50-4B9E-93EC-8999CB9112FD}"
EndProject
Project("{2150E333-8FDC-42A3-9474-1A3956D46DE8}") = "IdentityService", "IdentityService", "{EC28E03F-45C7-4430-907D-47537052968D}"
EndProject
Project("{FAE04EC0-301F-11D3-BF4B-00C04F79EFBC}") = "IdentityService.API", "src\Services\IdentityService\IdentityService.API\IdentityService.API.csproj", "{46B129B1-0560-40A4-A7FF-1B39ADA8F08A}"
EndProject
Project("{FAE04EC0-301F-11D3-BF4B-00C04F79EFBC}") = "NotificationService", "src\Services\NotificationService\NotificationService.csproj", "{2CC9B876-142C-4F3A-B583-C16854247B72}"
EndProject
Project("{2150E333-8FDC-42A3-9474-1A3956D46DE8}") = "OrderService", "OrderService", "{6D4A42F7-4681-4647-B1B4-4E6E846FB638}"
EndProject
Project("{FAE04EC0-301F-11D3-BF4B-00C04F79EFBC}") = "OrderService.Domain", "src\Services\OrderService\OrderService.Domain\OrderService.Domain.csproj", "{4E6D428A-561D-4FDE-850E-CB025408D608}"
EndProject
Project("{FAE04EC0-301F-11D3-BF4B-00C04F79EFBC}") = "OrderService.Infrastructure", "src\Services\OrderService\OrderService.Infrastructure\OrderService.Infrastructure.csproj", "{5F6E500A-6A6E-48BB-8CC1-47F97FF9DED4}"
EndProject
Project("{FAE04EC0-301F-11D3-BF4B-00C04F79EFBC}") = "OrderService.Application", "src\Services\OrderService\OrderService.Application\OrderService.Application.csproj", "{F8D002E3-B116-4BE1-B34D-0C9D670B5356}"
EndProject
Project("{FAE04EC0-301F-11D3-BF4B-00C04F79EFBC}") = "OrderService.API", "src\Services\OrderService\OrderService.API\OrderService.API.csproj", "{244934FB-924F-4CE7-A2C2-4697C17BEFF3}"
EndProject
Project("{2150E333-8FDC-42A3-9474-1A3956D46DE8}") = "PaymentService", "PaymentService", "{A4652ADF-74C2-49B5-B39D-E6869F520CE0}"
EndProject
Project("{FAE04EC0-301F-11D3-BF4B-00C04F79EFBC}") = "PaymentService", "src\Services\PaymentService\PaymentService\PaymentService.csproj", "{498AD12C-A785-41C4-874B-913DA05A566B}"
EndProject
Global
	GlobalSection(SolutionConfigurationPlatforms) = preSolution
		Debug|Any CPU = Debug|Any CPU
		Release|Any CPU = Release|Any CPU
	EndGlobalSection
	GlobalSection(SolutionProperties) = preSolution
		HideSolutionNode = FALSE
	EndGlobalSection
	GlobalSection(ProjectConfigurationPlatforms) = postSolution
		{B8FA9BD0-2176-4070-921F-686969815498}.Debug|Any CPU.ActiveCfg = Debug|Any CPU
		{B8FA9BD0-2176-4070-921F-686969815498}.Debug|Any CPU.Build.0 = Debug|Any CPU
		{B8FA9BD0-2176-4070-921F-686969815498}.Release|Any CPU.ActiveCfg = Release|Any CPU
		{B8FA9BD0-2176-4070-921F-686969815498}.Release|Any CPU.Build.0 = Release|Any CPU
		{5A917EA6-8FB0-4E7E-BEE5-D3685E6EB93F}.Debug|Any CPU.ActiveCfg = Debug|Any CPU
		{5A917EA6-8FB0-4E7E-BEE5-D3685E6EB93F}.Debug|Any CPU.Build.0 = Debug|Any CPU
		{5A917EA6-8FB0-4E7E-BEE5-D3685E6EB93F}.Release|Any CPU.ActiveCfg = Release|Any CPU
		{5A917EA6-8FB0-4E7E-BEE5-D3685E6EB93F}.Release|Any CPU.Build.0 = Release|Any CPU
		{A693B838-55C1-4ECB-953F-F8531072445F}.Debug|Any CPU.ActiveCfg = Debug|Any CPU
		{A693B838-55C1-4ECB-953F-F8531072445F}.Debug|Any CPU.Build.0 = Debug|Any CPU
		{A693B838-55C1-4ECB-953F-F8531072445F}.Release|Any CPU.ActiveCfg = Release|Any CPU
		{A693B838-55C1-4ECB-953F-F8531072445F}.Release|Any CPU.Build.0 = Release|Any CPU
		{D78B9348-F94E-41CE-B6BA-70A165F86DAA}.Debug|Any CPU.ActiveCfg = Debug|Any CPU
		{D78B9348-F94E-41CE-B6BA-70A165F86DAA}.Debug|Any CPU.Build.0 = Debug|Any CPU
		{D78B9348-F94E-41CE-B6BA-70A165F86DAA}.Release|Any CPU.ActiveCfg = Release|Any CPU
		{D78B9348-F94E-41CE-B6BA-70A165F86DAA}.Release|Any CPU.Build.0 = Release|Any CPU
		{DD9F0E34-94C7-4FB6-9AB1-6042E60D0D9D}.Debug|Any CPU.ActiveCfg = Debug|Any CPU
		{DD9F0E34-94C7-4FB6-9AB1-6042E60D0D9D}.Debug|Any CPU.Build.0 = Debug|Any CPU
		{DD9F0E34-94C7-4FB6-9AB1-6042E60D0D9D}.Release|Any CPU.ActiveCfg = Release|Any CPU
		{DD9F0E34-94C7-4FB6-9AB1-6042E60D0D9D}.Release|Any CPU.Build.0 = Release|Any CPU
		{F318567B-F58B-4697-9D40-9AC0C2A9CA47}.Debug|Any CPU.ActiveCfg = Debug|Any CPU
		{F318567B-F58B-4697-9D40-9AC0C2A9CA47}.Debug|Any CPU.Build.0 = Debug|Any CPU
		{F318567B-F58B-4697-9D40-9AC0C2A9CA47}.Release|Any CPU.ActiveCfg = Release|Any CPU
		{F318567B-F58B-4697-9D40-9AC0C2A9CA47}.Release|Any CPU.Build.0 = Release|Any CPU
		{36344B5A-6E50-4B9E-93EC-8999CB9112FD}.Debug|Any CPU.ActiveCfg = Debug|Any CPU
		{36344B5A-6E50-4B9E-93EC-8999CB9112FD}.Debug|Any CPU.Build.0 = Debug|Any CPU
		{36344B5A-6E50-4B9E-93EC-8999CB9112FD}.Release|Any CPU.ActiveCfg = Release|Any CPU
		{36344B5A-6E50-4B9E-93EC-8999CB9112FD}.Release|Any CPU.Build.0 = Release|Any CPU
		{46B129B1-0560-40A4-A7FF-1B39ADA8F08A}.Debug|Any CPU.ActiveCfg = Debug|Any CPU
		{46B129B1-0560-40A4-A7FF-1B39ADA8F08A}.Debug|Any CPU.Build.0 = Debug|Any CPU
		{46B129B1-0560-40A4-A7FF-1B39ADA8F08A}.Release|Any CPU.ActiveCfg = Release|Any CPU
		{46B129B1-0560-40A4-A7FF-1B39ADA8F08A}.Release|Any CPU.Build.0 = Release|Any CPU
		{2CC9B876-142C-4F3A-B583-C16854247B72}.Debug|Any CPU.ActiveCfg = Debug|Any CPU
		{2CC9B876-142C-4F3A-B583-C16854247B72}.Debug|Any CPU.Build.0 = Debug|Any CPU
		{2CC9B876-142C-4F3A-B583-C16854247B72}.Release|Any CPU.ActiveCfg = Release|Any CPU
		{2CC9B876-142C-4F3A-B583-C16854247B72}.Release|Any CPU.Build.0 = Release|Any CPU
		{4E6D428A-561D-4FDE-850E-CB025408D608}.Debug|Any CPU.ActiveCfg = Debug|Any CPU
		{4E6D428A-561D-4FDE-850E-CB025408D608}.Debug|Any CPU.Build.0 = Debug|Any CPU
		{4E6D428A-561D-4FDE-850E-CB025408D608}.Release|Any CPU.ActiveCfg = Release|Any CPU
		{4E6D428A-561D-4FDE-850E-CB025408D608}.Release|Any CPU.Build.0 = Release|Any CPU
		{5F6E500A-6A6E-48BB-8CC1-47F97FF9DED4}.Debug|Any CPU.ActiveCfg = Debug|Any CPU
		{5F6E500A-6A6E-48BB-8CC1-47F97FF9DED4}.Debug|Any CPU.Build.0 = Debug|Any CPU
		{5F6E500A-6A6E-48BB-8CC1-47F97FF9DED4}.Release|Any CPU.ActiveCfg = Release|Any CPU
		{5F6E500A-6A6E-48BB-8CC1-47F97FF9DED4}.Release|Any CPU.Build.0 = Release|Any CPU
		{F8D002E3-B116-4BE1-B34D-0C9D670B5356}.Debug|Any CPU.ActiveCfg = Debug|Any CPU
		{F8D002E3-B116-4BE1-B34D-0C9D670B5356}.Debug|Any CPU.Build.0 = Debug|Any CPU
		{F8D002E3-B116-4BE1-B34D-0C9D670B5356}.Release|Any CPU.ActiveCfg = Release|Any CPU
		{F8D002E3-B116-4BE1-B34D-0C9D670B5356}.Release|Any CPU.Build.0 = Release|Any CPU
		{244934FB-924F-4CE7-A2C2-4697C17BEFF3}.Debug|Any CPU.ActiveCfg = Debug|Any CPU
		{244934FB-924F-4CE7-A2C2-4697C17BEFF3}.Debug|Any CPU.Build.0 = Debug|Any CPU
		{244934FB-924F-4CE7-A2C2-4697C17BEFF3}.Release|Any CPU.ActiveCfg = Release|Any CPU
		{244934FB-924F-4CE7-A2C2-4697C17BEFF3}.Release|Any CPU.Build.0 = Release|Any CPU
		{498AD12C-A785-41C4-874B-913DA05A566B}.Debug|Any CPU.ActiveCfg = Debug|Any CPU
		{498AD12C-A785-41C4-874B-913DA05A566B}.Debug|Any CPU.Build.0 = Debug|Any CPU
		{498AD12C-A785-41C4-874B-913DA05A566B}.Release|Any CPU.ActiveCfg = Release|Any CPU
		{498AD12C-A785-41C4-874B-913DA05A566B}.Release|Any CPU.Build.0 = Release|Any CPU
	EndGlobalSection
	GlobalSection(NestedProjects) = preSolution
		{38A5D16C-A115-4B9F-BC1A-BF435ABA97E0} = {E92995DE-466B-47F3-A095-C2C07100D401}
		{B8FA9BD0-2176-4070-921F-686969815498} = {38A5D16C-A115-4B9F-BC1A-BF435ABA97E0}
		{4AEEB1EF-2983-4E2A-80D6-6F55DF7B8B54} = {E92995DE-466B-47F3-A095-C2C07100D401}
		{2884F2A1-6974-4B06-8496-1F6CC9228985} = {4AEEB1EF-2983-4E2A-80D6-6F55DF7B8B54}
		{5A917EA6-8FB0-4E7E-BEE5-D3685E6EB93F} = {2884F2A1-6974-4B06-8496-1F6CC9228985}
		{A693B838-55C1-4ECB-953F-F8531072445F} = {2884F2A1-6974-4B06-8496-1F6CC9228985}
		{D78B9348-F94E-41CE-B6BA-70A165F86DAA} = {2884F2A1-6974-4B06-8496-1F6CC9228985}
		{DD9F0E34-94C7-4FB6-9AB1-6042E60D0D9D} = {2884F2A1-6974-4B06-8496-1F6CC9228985}
		{1F8D4333-6354-412F-862D-AC4D7686F906} = {E92995DE-466B-47F3-A095-C2C07100D401}
		{A321D7DF-D63F-47B8-8538-6EC481B7D4A3} = {1F8D4333-6354-412F-862D-AC4D7686F906}
		{F318567B-F58B-4697-9D40-9AC0C2A9CA47} = {A321D7DF-D63F-47B8-8538-6EC481B7D4A3}
		{8719879C-DABF-406B-9AB3-22855B952559} = {1F8D4333-6354-412F-862D-AC4D7686F906}
		{36344B5A-6E50-4B9E-93EC-8999CB9112FD} = {8719879C-DABF-406B-9AB3-22855B952559}
		{EC28E03F-45C7-4430-907D-47537052968D} = {1F8D4333-6354-412F-862D-AC4D7686F906}
		{46B129B1-0560-40A4-A7FF-1B39ADA8F08A} = {EC28E03F-45C7-4430-907D-47537052968D}
		{2CC9B876-142C-4F3A-B583-C16854247B72} = {1F8D4333-6354-412F-862D-AC4D7686F906}
		{6D4A42F7-4681-4647-B1B4-4E6E846FB638} = {1F8D4333-6354-412F-862D-AC4D7686F906}
		{4E6D428A-561D-4FDE-850E-CB025408D608} = {6D4A42F7-4681-4647-B1B4-4E6E846FB638}
		{5F6E500A-6A6E-48BB-8CC1-47F97FF9DED4} = {6D4A42F7-4681-4647-B1B4-4E6E846FB638}
		{F8D002E3-B116-4BE1-B34D-0C9D670B5356} = {6D4A42F7-4681-4647-B1B4-4E6E846FB638}
		{244934FB-924F-4CE7-A2C2-4697C17BEFF3} = {6D4A42F7-4681-4647-B1B4-4E6E846FB638}
		{A4652ADF-74C2-49B5-B39D-E6869F520CE0} = {1F8D4333-6354-412F-862D-AC4D7686F906}
		{498AD12C-A785-41C4-874B-913DA05A566B} = {A4652ADF-74C2-49B5-B39D-E6869F520CE0}
	EndGlobalSection
EndGlobal
